
Microsoft Visual Studio Solution File, Format Version 12.00
# Visual Studio Version 16
VisualStudioVersion = 16.0.31321.278
MinimumVisualStudioVersion = 10.0.40219.1
Project("{FAE04EC0-301F-11D3-BF4B-00C04F79EFBC}") = "Forum-dyskusyjne", "Forum-dyskusyjne.csproj", "{846C085E-26CF-49D0-BF42-8F32992FF897}"
EndProject
Global
	GlobalSection(SolutionConfigurationPlatforms) = preSolution
		Debug|Any CPU = Debug|Any CPU
		Release|Any CPU = Release|Any CPU
	EndGlobalSection
	GlobalSection(ProjectConfigurationPlatforms) = postSolution
		{846C085E-26CF-49D0-BF42-8F32992FF897}.Debug|Any CPU.ActiveCfg = Debug|Any CPU
		{846C085E-26CF-49D0-BF42-8F32992FF897}.Debug|Any CPU.Build.0 = Debug|Any CPU
		{846C085E-26CF-49D0-BF42-8F32992FF897}.Release|Any CPU.ActiveCfg = Release|Any CPU
		{846C085E-26CF-49D0-BF42-8F32992FF897}.Release|Any CPU.Build.0 = Release|Any CPU
	EndGlobalSection
	GlobalSection(SolutionProperties) = preSolution
		HideSolutionNode = FALSE
	EndGlobalSection
	GlobalSection(ExtensibilityGlobals) = postSolution
		SolutionGuid = {8F25D234-9388-4658-BBBF-D4EDCDDBAF40}
	EndGlobalSection
EndGlobal
